
Microsoft Visual Studio Solution File, Format Version 12.00
# Visual Studio Version 17
VisualStudioVersion = 17.0.31903.59
MinimumVisualStudioVersion = 10.0.40219.1
Project("{2150E333-8FDC-42A3-9474-1A3956D46DE8}") = "src", "src", "{827E0CD3-B72D-47B6-A68D-7590B98EB39B}"
EndProject
Project("{FAE04EC0-301F-11D3-BF4B-00C04F79EFBC}") = "StudyLens.Api", "src\StudyLens.Api\StudyLens.Api.csproj", "{877058DE-BC0F-451C-835F-63F2121EFD15}"
EndProject
Project("{2150E333-8FDC-42A3-9474-1A3956D46DE8}") = "tests", "tests", "{0AB3BF05-4346-4AA6-1389-037BE0695223}"
EndProject
Project("{FAE04EC0-301F-11D3-BF4B-00C04F79EFBC}") = "VideoActivation.Tests", "tests\VideoActivation.Tests\VideoActivation.Tests.csproj", "{786C7416-1EB7-4C5E-8480-A90D401181FC}"
EndProject
Project("{FAE04EC0-301F-11D3-BF4B-00C04F79EFBC}") = "SessionQuiz.Tests", "tests\SessionQuiz.Tests\SessionQuiz.Tests.csproj", "{3043DBB4-4C3E-492C-B0D0-F123491219B3}"
EndProject
Project("{FAE04EC0-301F-11D3-BF4B-00C04F79EFBC}") = "AssessmentHistory.Tests", "tests\AssessmentHistory.Tests\AssessmentHistory.Tests.csproj", "{CADFEC43-AB3E-4120-8BBF-D197B619D989}"
EndProject
Global
	GlobalSection(SolutionConfigurationPlatforms) = preSolution
		Debug|Any CPU = Debug|Any CPU
		Debug|x64 = Debug|x64
		Debug|x86 = Debug|x86
		Release|Any CPU = Release|Any CPU
		Release|x64 = Release|x64
		Release|x86 = Release|x86
	EndGlobalSection
	GlobalSection(ProjectConfigurationPlatforms) = postSolution
		{877058DE-BC0F-451C-835F-63F2121EFD15}.Debug|Any CPU.ActiveCfg = Debug|Any CPU
		{877058DE-BC0F-451C-835F-63F2121EFD15}.Debug|Any CPU.Build.0 = Debug|Any CPU
		{877058DE-BC0F-451C-835F-63F2121EFD15}.Debug|x64.ActiveCfg = Debug|Any CPU
		{877058DE-BC0F-451C-835F-63F2121EFD15}.Debug|x64.Build.0 = Debug|Any CPU
		{877058DE-BC0F-451C-835F-63F2121EFD15}.Debug|x86.ActiveCfg = Debug|Any CPU
		{877058DE-BC0F-451C-835F-63F2121EFD15}.Debug|x86.Build.0 = Debug|Any CPU
		{877058DE-BC0F-451C-835F-63F2121EFD15}.Release|Any CPU.ActiveCfg = Release|Any CPU
		{877058DE-BC0F-451C-835F-63F2121EFD15}.Release|Any CPU.Build.0 = Release|Any CPU
		{877058DE-BC0F-451C-835F-63F2121EFD15}.Release|x64.ActiveCfg = Release|Any CPU
		{877058DE-BC0F-451C-835F-63F2121EFD15}.Release|x64.Build.0 = Release|Any CPU
		{877058DE-BC0F-451C-835F-63F2121EFD15}.Release|x86.ActiveCfg = Release|Any CPU
		{877058DE-BC0F-451C-835F-63F2121EFD15}.Release|x86.Build.0 = Release|Any CPU
		{786C7416-1EB7-4C5E-8480-A90D401181FC}.Debug|Any CPU.ActiveCfg = Debug|Any CPU
		{786C7416-1EB7-4C5E-8480-A90D401181FC}.Debug|Any CPU.Build.0 = Debug|Any CPU
		{786C7416-1EB7-4C5E-8480-A90D401181FC}.Debug|x64.ActiveCfg = Debug|Any CPU
		{786C7416-1EB7-4C5E-8480-A90D401181FC}.Debug|x64.Build.0 = Debug|Any CPU
		{786C7416-1EB7-4C5E-8480-A90D401181FC}.Debug|x86.ActiveCfg = Debug|Any CPU
		{786C7416-1EB7-4C5E-8480-A90D401181FC}.Debug|x86.Build.0 = Debug|Any CPU
		{786C7416-1EB7-4C5E-8480-A90D401181FC}.Release|Any CPU.ActiveCfg = Release|Any CPU
		{786C7416-1EB7-4C5E-8480-A90D401181FC}.Release|Any CPU.Build.0 = Release|Any CPU
		{786C7416-1EB7-4C5E-8480-A90D401181FC}.Release|x64.ActiveCfg = Release|Any CPU
		{786C7416-1EB7-4C5E-8480-A90D401181FC}.Release|x64.Build.0 = Release|Any CPU
		{786C7416-1EB7-4C5E-8480-A90D401181FC}.Release|x86.ActiveCfg = Release|Any CPU
		{786C7416-1EB7-4C5E-8480-A90D401181FC}.Release|x86.Build.0 = Release|Any CPU
		{3043DBB4-4C3E-492C-B0D0-F123491219B3}.Debug|Any CPU.ActiveCfg = Debug|Any CPU
		{3043DBB4-4C3E-492C-B0D0-F123491219B3}.Debug|Any CPU.Build.0 = Debug|Any CPU
		{3043DBB4-4C3E-492C-B0D0-F123491219B3}.Debug|x64.ActiveCfg = Debug|Any CPU
		{3043DBB4-4C3E-492C-B0D0-F123491219B3}.Debug|x64.Build.0 = Debug|Any CPU
		{3043DBB4-4C3E-492C-B0D0-F123491219B3}.Debug|x86.ActiveCfg = Debug|Any CPU
		{3043DBB4-4C3E-492C-B0D0-F123491219B3}.Debug|x86.Build.0 = Debug|Any CPU
		{3043DBB4-4C3E-492C-B0D0-F123491219B3}.Release|Any CPU.ActiveCfg = Release|Any CPU
		{3043DBB4-4C3E-492C-B0D0-F123491219B3}.Release|Any CPU.Build.0 = Release|Any CPU
		{3043DBB4-4C3E-492C-B0D0-F123491219B3}.Release|x64.ActiveCfg = Release|Any CPU
		{3043DBB4-4C3E-492C-B0D0-F123491219B3}.Release|x64.Build.0 = Release|Any CPU
		{3043DBB4-4C3E-492C-B0D0-F123491219B3}.Release|x86.ActiveCfg = Release|Any CPU
		{3043DBB4-4C3E-492C-B0D0-F123491219B3}.Release|x86.Build.0 = Release|Any CPU
		{CADFEC43-AB3E-4120-8BBF-D197B619D989}.Debug|Any CPU.ActiveCfg = Debug|Any CPU
		{CADFEC43-AB3E-4120-8BBF-D197B619D989}.Debug|Any CPU.Build.0 = Debug|Any CPU
		{CADFEC43-AB3E-4120-8BBF-D197B619D989}.Debug|x64.ActiveCfg = Debug|Any CPU
		{CADFEC43-AB3E-4120-8BBF-D197B619D989}.Debug|x64.Build.0 = Debug|Any CPU
		{CADFEC43-AB3E-4120-8BBF-D197B619D989}.Debug|x86.ActiveCfg = Debug|Any CPU
		{CADFEC43-AB3E-4120-8BBF-D197B619D989}.Debug|x86.Build.0 = Debug|Any CPU
		{CADFEC43-AB3E-4120-8BBF-D197B619D989}.Release|Any CPU.ActiveCfg = Release|Any CPU
		{CADFEC43-AB3E-4120-8BBF-D197B619D989}.Release|Any CPU.Build.0 = Release|Any CPU
		{CADFEC43-AB3E-4120-8BBF-D197B619D989}.Release|x64.ActiveCfg = Release|Any CPU
		{CADFEC43-AB3E-4120-8BBF-D197B619D989}.Release|x64.Build.0 = Release|Any CPU
		{CADFEC43-AB3E-4120-8BBF-D197B619D989}.Release|x86.ActiveCfg = Release|Any CPU
		{CADFEC43-AB3E-4120-8BBF-D197B619D989}.Release|x86.Build.0 = Release|Any CPU
	EndGlobalSection
	GlobalSection(SolutionProperties) = preSolution
		HideSolutionNode = FALSE
	EndGlobalSection
	GlobalSection(NestedProjects) = preSolution
		{877058DE-BC0F-451C-835F-63F2121EFD15} = {827E0CD3-B72D-47B6-A68D-7590B98EB39B}
		{786C7416-1EB7-4C5E-8480-A90D401181FC} = {0AB3BF05-4346-4AA6-1389-037BE0695223}
		{3043DBB4-4C3E-492C-B0D0-F123491219B3} = {0AB3BF05-4346-4AA6-1389-037BE0695223}
		{CADFEC43-AB3E-4120-8BBF-D197B619D989} = {0AB3BF05-4346-4AA6-1389-037BE0695223}
	EndGlobalSection
EndGlobal
